
Microsoft Visual Studio Solution File, Format Version 12.00
# Visual Studio 15
VisualStudioVersion = 15.0.27428.2005
MinimumVisualStudioVersion = 10.0.40219.1
Project("{FAE04EC0-301F-11D3-BF4B-00C04F79EFBC}") = "SportStore.Domain", "SportStore.Domain\SportStore.Domain.csproj", "{3E3678CD-1A4F-4D10-8391-4BFA1C7451D3}"
EndProject
Project("{FAE04EC0-301F-11D3-BF4B-00C04F79EFBC}") = "SportStore.WebUI", "SportStore.WrbUI\SportStore.WebUI.csproj", "{DAE53277-8539-4635-8438-68DFF2751059}"
	ProjectSection(ProjectDependencies) = postProject
		{3E3678CD-1A4F-4D10-8391-4BFA1C7451D3} = {3E3678CD-1A4F-4D10-8391-4BFA1C7451D3}
	EndProjectSection
EndProject
Project("{FAE04EC0-301F-11D3-BF4B-00C04F79EFBC}") = "SportStore.UnitTests", "SportStore.UnitTests\SportStore.UnitTests.csproj", "{6A17EA92-3756-4E39-82D1-F695AF5BF427}"
	ProjectSection(ProjectDependencies) = postProject
		{DAE53277-8539-4635-8438-68DFF2751059} = {DAE53277-8539-4635-8438-68DFF2751059}
		{3E3678CD-1A4F-4D10-8391-4BFA1C7451D3} = {3E3678CD-1A4F-4D10-8391-4BFA1C7451D3}
	EndProjectSection
EndProject
Global
	GlobalSection(SolutionConfigurationPlatforms) = preSolution
		Debug|Any CPU = Debug|Any CPU
		Release|Any CPU = Release|Any CPU
	EndGlobalSection
	GlobalSection(ProjectConfigurationPlatforms) = postSolution
		{3E3678CD-1A4F-4D10-8391-4BFA1C7451D3}.Debug|Any CPU.ActiveCfg = Debug|Any CPU
		{3E3678CD-1A4F-4D10-8391-4BFA1C7451D3}.Debug|Any CPU.Build.0 = Debug|Any CPU
		{3E3678CD-1A4F-4D10-8391-4BFA1C7451D3}.Release|Any CPU.ActiveCfg = Release|Any CPU
		{3E3678CD-1A4F-4D10-8391-4BFA1C7451D3}.Release|Any CPU.Build.0 = Release|Any CPU
		{DAE53277-8539-4635-8438-68DFF2751059}.Debug|Any CPU.ActiveCfg = Debug|Any CPU
		{DAE53277-8539-4635-8438-68DFF2751059}.Debug|Any CPU.Build.0 = Debug|Any CPU
		{DAE53277-8539-4635-8438-68DFF2751059}.Release|Any CPU.ActiveCfg = Release|Any CPU
		{DAE53277-8539-4635-8438-68DFF2751059}.Release|Any CPU.Build.0 = Release|Any CPU
		{6A17EA92-3756-4E39-82D1-F695AF5BF427}.Debug|Any CPU.ActiveCfg = Debug|Any CPU
		{6A17EA92-3756-4E39-82D1-F695AF5BF427}.Debug|Any CPU.Build.0 = Debug|Any CPU
		{6A17EA92-3756-4E39-82D1-F695AF5BF427}.Release|Any CPU.ActiveCfg = Release|Any CPU
		{6A17EA92-3756-4E39-82D1-F695AF5BF427}.Release|Any CPU.Build.0 = Release|Any CPU
	EndGlobalSection
	GlobalSection(SolutionProperties) = preSolution
		HideSolutionNode = FALSE
	EndGlobalSection
	GlobalSection(ExtensibilityGlobals) = postSolution
		SolutionGuid = {B536F701-4FD2-4133-87D6-4FCAB2FF77F1}
	EndGlobalSection
EndGlobal
